
Microsoft Visual Studio Solution File, Format Version 12.00
# Visual Studio 15
VisualStudioVersion = 15.0.27004.2002
MinimumVisualStudioVersion = 10.0.40219.1
Project("{FAE04EC0-301F-11D3-BF4B-00C04F79EFBC}") = "PolygonArtistDemo", "PolygonArtistDemo\PolygonArtistDemo.csproj", "{2FD4DAFE-ED93-4015-A928-679AA00FCC9C}"
EndProject
Project("{FAE04EC0-301F-11D3-BF4B-00C04F79EFBC}") = "PolygonArtist", "PolygonArtist\PolygonArtist.csproj", "{3D4F84D6-A4DE-4064-B158-09576C13BF9E}"
EndProject
Global
	GlobalSection(SolutionConfigurationPlatforms) = preSolution
		Debug|Any CPU = Debug|Any CPU
		Release|Any CPU = Release|Any CPU
	EndGlobalSection
	GlobalSection(ProjectConfigurationPlatforms) = postSolution
		{2FD4DAFE-ED93-4015-A928-679AA00FCC9C}.Debug|Any CPU.ActiveCfg = Debug|Any CPU
		{2FD4DAFE-ED93-4015-A928-679AA00FCC9C}.Debug|Any CPU.Build.0 = Debug|Any CPU
		{2FD4DAFE-ED93-4015-A928-679AA00FCC9C}.Release|Any CPU.ActiveCfg = Release|Any CPU
		{2FD4DAFE-ED93-4015-A928-679AA00FCC9C}.Release|Any CPU.Build.0 = Release|Any CPU
		{3D4F84D6-A4DE-4064-B158-09576C13BF9E}.Debug|Any CPU.ActiveCfg = Debug|Any CPU
		{3D4F84D6-A4DE-4064-B158-09576C13BF9E}.Debug|Any CPU.Build.0 = Debug|Any CPU
		{3D4F84D6-A4DE-4064-B158-09576C13BF9E}.Release|Any CPU.ActiveCfg = Release|Any CPU
		{3D4F84D6-A4DE-4064-B158-09576C13BF9E}.Release|Any CPU.Build.0 = Release|Any CPU
	EndGlobalSection
	GlobalSection(SolutionProperties) = preSolution
		HideSolutionNode = FALSE
	EndGlobalSection
	GlobalSection(ExtensibilityGlobals) = postSolution
		SolutionGuid = {A9FCD487-C1C6-4279-85CD-4AC40250C341}
	EndGlobalSection
EndGlobal
